// !$*UTF8*$!
{
	archiveVersion = 1;
	classes = {
	};
	objectVersion = 46;
	objects = {

/* Begin PBXBuildFile section */
		470D61BE1CA686D9002690C9 /* main.m in Sources */ = {isa = PBXBuildFile; fileRef = 470D61BD1CA686D9002690C9 /* main.m */; };
		470D61C11CA686D9002690C9 /* AppDelegate.m in Sources */ = {isa = PBXBuildFile; fileRef = 470D61C01CA686D9002690C9 /* AppDelegate.m */; };
		470D61C41CA686D9002690C9 /* ViewController.m in Sources */ = {isa = PBXBuildFile; fileRef = 470D61C31CA686D9002690C9 /* ViewController.m */; };
		470D61C71CA686D9002690C9 /* Main.storyboard in Resources */ = {isa = PBXBuildFile; fileRef = 470D61C51CA686D9002690C9 /* Main.storyboard */; };
		470D61C91CA686D9002690C9 /* Assets.xcassets in Resources */ = {isa = PBXBuildFile; fileRef = 470D61C81CA686D9002690C9 /* Assets.xcassets */; };
		470D61CC1CA686D9002690C9 /* LaunchScreen.storyboard in Resources */ = {isa = PBXBuildFile; fileRef = 470D61CA1CA686D9002690C9 /* LaunchScreen.storyboard */; };
		470D61D71CA686D9002690C9 /* FBloginTests.m in Sources */ = {isa = PBXBuildFile; fileRef = 470D61D61CA686D9002690C9 /* FBloginTests.m */; };
		470D61E21CA686D9002690C9 /* FBloginUITests.m in Sources */ = {isa = PBXBuildFile; fileRef = 470D61E11CA686D9002690C9 /* FBloginUITests.m */; };
		470D61FB1CA69D64002690C9 /* FacebookSDK.framework in Frameworks */ = {isa = PBXBuildFile; fileRef = 470D61FA1CA69D64002690C9 /* FacebookSDK.framework */; };
/* End PBXBuildFile section */

/* Begin PBXContainerItemProxy section */
		470D61D31CA686D9002690C9 /* PBXContainerItemProxy */ = {
			isa = PBXContainerItemProxy;
			containerPortal = 470D61B11CA686D9002690C9 /* Project object */;
			proxyType = 1;
			remoteGlobalIDString = 470D61B81CA686D9002690C9;
			remoteInfo = FBlogin;
		};
		470D61DE1CA686D9002690C9 /* PBXContainerItemProxy */ = {
			isa = PBXContainerItemProxy;
			containerPortal = 470D61B11CA686D9002690C9 /* Project object */;
			proxyType = 1;
			remoteGlobalIDString = 470D61B81CA686D9002690C9;
			remoteInfo = FBlogin;
		};
/* End PBXContainerItemProxy section */

/* Begin PBXFileReference section */
		470D61B91CA686D9002690C9 /* FBlogin.app */ = {isa = PBXFileReference; explicitFileType = wrapper.application; includeInIndex = 0; path = FBlogin.app; sourceTree = BUILT_PRODUCTS_DIR; };
		470D61BD1CA686D9002690C9 /* main.m */ = {isa = PBXFileReference; lastKnownFileType = sourcecode.c.objc; path = main.m; sourceTree = "<group>"; };
		470D61BF1CA686D9002690C9 /* AppDelegate.h */ = {isa = PBXFileReference; lastKnownFileType = sourcecode.c.h; path = AppDelegate.h; sourceTree = "<group>"; };
		470D61C01CA686D9002690C9 /* AppDelegate.m */ = {isa = PBXFileReference; lastKnownFileType = sourcecode.c.objc; path = AppDelegate.m; sourceTree = "<group>"; };
		470D61C21CA686D9002690C9 /* ViewController.h */ = {isa = PBXFileReference; lastKnownFileType = sourcecode.c.h; path = ViewController.h; sourceTree = "<group>"; };
		470D61C31CA686D9002690C9 /* ViewController.m */ = {isa = PBXFileReference; lastKnownFileType = sourcecode.c.objc; path = ViewController.m; sourceTree = "<group>"; };
		470D61C61CA686D9002690C9 /* Base */ = {isa = PBXFileReference; lastKnownFileType = file.storyboard; name = Base; path = Base.lproj/Main.storyboard; sourceTree = "<group>"; };
		470D61C81CA686D9002690C9 /* Assets.xcassets */ = {isa = PBXFileReference; lastKnownFileType = folder.assetcatalog; path = Assets.xcassets; sourceTree = "<group>"; };
		470D61CB1CA686D9002690C9 /* Base */ = {isa = PBXFileReference; lastKnownFileType = file.storyboard; name = Base; path = Base.lproj/LaunchScreen.storyboard; sourceTree = "<group>"; };
		470D61CD1CA686D9002690C9 /* Info.plist */ = {isa = PBXFileReference; lastKnownFileType = text.plist.xml; path = Info.plist; sourceTree = "<group>"; };
		470D61D21CA686D9002690C9 /* FBloginTests.xctest */ = {isa = PBXFileReference; explicitFileType = wrapper.cfbundle; includeInIndex = 0; path = FBloginTests.xctest; sourceTree = BUILT_PRODUCTS_DIR; };
		470D61D61CA686D9002690C9 /* FBloginTests.m */ = {isa = PBXFileReference; lastKnownFileType = sourcecode.c.objc; path = FBloginTests.m; sourceTree = "<group>"; };
		470D61D81CA686D9002690C9 /* Info.plist */ = {isa = PBXFileReference; lastKnownFileType = text.plist.xml; path = Info.plist; sourceTree = "<group>"; };
		470D61DD1CA686D9002690C9 /* FBloginUITests.xctest */ = {isa = PBXFileReference; explicitFileType = wrapper.cfbundle; includeInIndex = 0; path = FBloginUITests.xctest; sourceTree = BUILT_PRODUCTS_DIR; };
		470D61E11CA686D9002690C9 /* FBloginUITests.m */ = {isa = PBXFileReference; lastKnownFileType = sourcecode.c.objc; path = FBloginUITests.m; sourceTree = "<group>"; };
		470D61E31CA686D9002690C9 /* Info.plist */ = {isa = PBXFileReference; lastKnownFileType = text.plist.xml; path = Info.plist; sourceTree = "<group>"; };
		470D61FA1CA69D64002690C9 /* FacebookSDK.framework */ = {isa = PBXFileReference; lastKnownFileType = wrapper.framework; path = FacebookSDK.framework; sourceTree = "<group>"; };
/* End PBXFileReference section */

/* Begin PBXFrameworksBuildPhase section */
		470D61B61CA686D9002690C9 /* Frameworks */ = {
			isa = PBXFrameworksBuildPhase;
			buildActionMask = 2147483647;
			files = (
				470D61FB1CA69D64002690C9 /* FacebookSDK.framework in Frameworks */,
			);
			runOnlyForDeploymentPostprocessing = 0;
		};
		470D61CF1CA686D9002690C9 /* Frameworks */ = {
			isa = PBXFrameworksBuildPhase;
			buildActionMask = 2147483647;
			files = (
			);
			runOnlyForDeploymentPostprocessing = 0;
		};
		470D61DA1CA686D9002690C9 /* Frameworks */ = {
			isa = PBXFrameworksBuildPhase;
			buildActionMask = 2147483647;
			files = (
			);
			runOnlyForDeploymentPostprocessing = 0;
		};
/* End PBXFrameworksBuildPhase section */

/* Begin PBXGroup section */
		470D61B01CA686D9002690C9 = {
			isa = PBXGroup;
			children = (
				470D61BB1CA686D9002690C9 /* FBlogin */,
				470D61D51CA686D9002690C9 /* FBloginTests */,
				470D61E01CA686D9002690C9 /* FBloginUITests */,
				470D61BA1CA686D9002690C9 /* Products */,
			);
			sourceTree = "<group>";
		};
		470D61BA1CA686D9002690C9 /* Products */ = {
			isa = PBXGroup;
			children = (
				470D61B91CA686D9002690C9 /* FBlogin.app */,
				470D61D21CA686D9002690C9 /* FBloginTests.xctest */,
				470D61DD1CA686D9002690C9 /* FBloginUITests.xctest */,
			);
			name = Products;
			sourceTree = "<group>";
		};
		470D61BB1CA686D9002690C9 /* FBlogin */ = {
			isa = PBXGroup;
			children = (
				470D61BF1CA686D9002690C9 /* AppDelegate.h */,
				470D61C01CA686D9002690C9 /* AppDelegate.m */,
				470D61C21CA686D9002690C9 /* ViewController.h */,
				470D61C31CA686D9002690C9 /* ViewController.m */,
				470D61C51CA686D9002690C9 /* Main.storyboard */,
				470D61C81CA686D9002690C9 /* Assets.xcassets */,
				470D61CA1CA686D9002690C9 /* LaunchScreen.storyboard */,
				470D61CD1CA686D9002690C9 /* Info.plist */,
				470D61F11CA68E87002690C9 /* Frameworks */,
				470D61BC1CA686D9002690C9 /* Supporting Files */,
			);
			path = FBlogin;
			sourceTree = "<group>";
		};
		470D61BC1CA686D9002690C9 /* Supporting Files */ = {
			isa = PBXGroup;
			children = (
				470D61BD1CA686D9002690C9 /* main.m */,
			);
			name = "Supporting Files";
			sourceTree = "<group>";
		};
		470D61D51CA686D9002690C9 /* FBloginTests */ = {
			isa = PBXGroup;
			children = (
				470D61D61CA686D9002690C9 /* FBloginTests.m */,
				470D61D81CA686D9002690C9 /* Info.plist */,
			);
			path = FBloginTests;
			sourceTree = "<group>";
		};
		470D61E01CA686D9002690C9 /* FBloginUITests */ = {
			isa = PBXGroup;
			children = (
				470D61E11CA686D9002690C9 /* FBloginUITests.m */,
				470D61E31CA686D9002690C9 /* Info.plist */,
			);
			path = FBloginUITests;
			sourceTree = "<group>";
		};
		470D61F11CA68E87002690C9 /* Frameworks */ = {
			isa = PBXGroup;
			children = (
				470D61FA1CA69D64002690C9 /* FacebookSDK.framework */,
			);
			name = Frameworks;
			sourceTree = "<group>";
		};
/* End PBXGroup section */

/* Begin PBXNativeTarget section */
		470D61B81CA686D9002690C9 /* FBlogin */ = {
			isa = PBXNativeTarget;
			buildConfigurationList = 470D61E61CA686D9002690C9 /* Build configuration list for PBXNativeTarget "FBlogin" */;
			buildPhases = (
				470D61B51CA686D9002690C9 /* Sources */,
				470D61B61CA686D9002690C9 /* Frameworks */,
				470D61B71CA686D9002690C9 /* Resources */,
			);
			buildRules = (
			);
			dependencies = (
			);
			name = FBlogin;
			productName = FBlogin;
			productReference = 470D61B91CA686D9002690C9 /* FBlogin.app */;
			productType = "com.apple.product-type.application";
		};
		470D61D11CA686D9002690C9 /* FBloginTests */ = {
			isa = PBXNativeTarget;
			buildConfigurationList = 470D61E91CA686D9002690C9 /* Build configuration list for PBXNativeTarget "FBloginTests" */;
			buildPhases = (
				470D61CE1CA686D9002690C9 /* Sources */,
				470D61CF1CA686D9002690C9 /* Frameworks */,
				470D61D01CA686D9002690C9 /* Resources */,
			);
			buildRules = (
			);
			dependencies = (
				470D61D41CA686D9002690C9 /* PBXTargetDependency */,
			);
			name = FBloginTests;
			productName = FBloginTests;
			productReference = 470D61D21CA686D9002690C9 /* FBloginTests.xctest */;
			productType = "com.apple.product-type.bundle.unit-test";
		};
		470D61DC1CA686D9002690C9 /* FBloginUITests */ = {
			isa = PBXNativeTarget;
			buildConfigurationList = 470D61EC1CA686D9002690C9 /* Build configuration list for PBXNativeTarget "FBloginUITests" */;
			buildPhases = (
				470D61D91CA686D9002690C9 /* Sources */,
				470D61DA1CA686D9002690C9 /* Frameworks */,
				470D61DB1CA686D9002690C9 /* Resources */,
			);
			buildRules = (
			);
			dependencies = (
				470D61DF1CA686D9002690C9 /* PBXTargetDependency */,
			);
			name = FBloginUITests;
			productName = FBloginUITests;
			productReference = 470D61DD1CA686D9002690C9 /* FBloginUITests.xctest */;
			productType = "com.apple.product-type.bundle.ui-testing";
		};
/* End PBXNativeTarget section */

/* Begin PBXProject section */
		470D61B11CA686D9002690C9 /* Project object */ = {
			isa = PBXProject;
			attributes = {
				LastUpgradeCheck = 0720;
				ORGANIZATIONNAME = "GDB Technologies";
				TargetAttributes = {
					470D61B81CA686D9002690C9 = {
						CreatedOnToolsVersion = 7.2.1;
						DevelopmentTeam = UFEU469SC5;
					};
					470D61D11CA686D9002690C9 = {
						CreatedOnToolsVersion = 7.2.1;
						DevelopmentTeam = UFEU469SC5;
						TestTargetID = 470D61B81CA686D9002690C9;
					};
					470D61DC1CA686D9002690C9 = {
						CreatedOnToolsVersion = 7.2.1;
						DevelopmentTeam = UFEU469SC5;
						TestTargetID = 470D61B81CA686D9002690C9;
					};
				};
			};
			buildConfigurationList = 470D61B41CA686D9002690C9 /* Build configuration list for PBXProject "FBlogin" */;
			compatibilityVersion = "Xcode 3.2";
			developmentRegion = English;
			hasScannedForEncodings = 0;
			knownRegions = (
				en,
				Base,
			);
			mainGroup = 470D61B01CA686D9002690C9;
			productRefGroup = 470D61BA1CA686D9002690C9 /* Products */;
			projectDirPath = "";
			projectRoot = "";
			targets = (
				470D61B81CA686D9002690C9 /* FBlogin */,
				470D61D11CA686D9002690C9 /* FBloginTests */,
				470D61DC1CA686D9002690C9 /* FBloginUITests */,
			);
		};
/* End PBXProject section */

/* Begin PBXResourcesBuildPhase section */
		470D61B71CA686D9002690C9 /* Resources */ = {
			isa = PBXResourcesBuildPhase;
			buildActionMask = 2147483647;
			files = (
				470D61CC1CA686D9002690C9 /* LaunchScreen.storyboard in Resources */,
				470D61C91CA686D9002690C9 /* Assets.xcassets in Resources */,
				470D61C71CA686D9002690C9 /* Main.storyboard in Resources */,
			);
			runOnlyForDeploymentPostprocessing = 0;
		};
		470D61D01CA686D9002690C9 /* Resources */ = {
			isa = PBXResourcesBuildPhase;
			buildActionMask = 2147483647;
			files = (
			);
			runOnlyForDeploymentPostprocessing = 0;
		};
		470D61DB1CA686D9002690C9 /* Resources */ = {
			isa = PBXResourcesBuildPhase;
			buildActionMask = 2147483647;
			files = (
			);
			runOnlyForDeploymentPostprocessing = 0;
		};
/* End PBXResourcesBuildPhase section */

/* Begin PBXSourcesBuildPhase section */
		470D61B51CA686D9002690C9 /* Sources */ = {
			isa = PBXSourcesBuildPhase;
			buildActionMask = 2147483647;
			files = (
				470D61C41CA686D9002690C9 /* ViewController.m in Sources */,
				470D61C11CA686D9002690C9 /* AppDelegate.m in Sources */,
				470D61BE1CA686D9002690C9 /* main.m in Sources */,
			);
			runOnlyForDeploymentPostprocessing = 0;
		};
		470D61CE1CA686D9002690C9 /* Sources */ = {
			isa = PBXSourcesBuildPhase;
			buildActionMask = 2147483647;
			files = (
				470D61D71CA686D9002690C9 /* FBloginTests.m in Sources */,
			);
			runOnlyForDeploymentPostprocessing = 0;
		};
		470D61D91CA686D9002690C9 /* Sources */ = {
			isa = PBXSourcesBuildPhase;
			buildActionMask = 2147483647;
			files = (
				470D61E21CA686D9002690C9 /* FBloginUITests.m in Sources */,
			);
			runOnlyForDeploymentPostprocessing = 0;
		};
/* End PBXSourcesBuildPhase section */

/* Begin PBXTargetDependency section */
		470D61D41CA686D9002690C9 /* PBXTargetDependency */ = {
			isa = PBXTargetDependency;
			target = 470D61B81CA686D9002690C9 /* FBlogin */;
			targetProxy = 470D61D31CA686D9002690C9 /* PBXContainerItemProxy */;
		};
		470D61DF1CA686D9002690C9 /* PBXTargetDependency */ = {
			isa = PBXTargetDependency;
			target = 470D61B81CA686D9002690C9 /* FBlogin */;
			targetProxy = 470D61DE1CA686D9002690C9 /* PBXContainerItemProxy */;
		};
/* End PBXTargetDependency section */

/* Begin PBXVariantGroup section */
		470D61C51CA686D9002690C9 /* Main.storyboard */ = {
			isa = PBXVariantGroup;
			children = (
				470D61C61CA686D9002690C9 /* Base */,
			);
			name = Main.storyboard;
			sourceTree = "<group>";
		};
		470D61CA1CA686D9002690C9 /* LaunchScreen.storyboard */ = {
			isa = PBXVariantGroup;
			children = (
				470D61CB1CA686D9002690C9 /* Base */,
			);
			name = LaunchScreen.storyboard;
			sourceTree = "<group>";
		};
/* End PBXVariantGroup section */

/* Begin XCBuildConfiguration section */
		470D61E41CA686D9002690C9 /* Debug */ = {
			isa = XCBuildConfiguration;
			buildSettings = {
				ALWAYS_SEARCH_USER_PATHS = NO;
				CLANG_CXX_LANGUAGE_STANDARD = "gnu++0x";
				CLANG_CXX_LIBRARY = "libc++";
				CLANG_ENABLE_MODULES = YES;
				CLANG_ENABLE_OBJC_ARC = YES;
				CLANG_WARN_BOOL_CONVERSION = YES;
				CLANG_WARN_CONSTANT_CONVERSION = YES;
				CLANG_WARN_DIRECT_OBJC_ISA_USAGE = YES_ERROR;
				CLANG_WARN_EMPTY_BODY = YES;
				CLANG_WARN_ENUM_CONVERSION = YES;
				CLANG_WARN_INT_CONVERSION = YES;
				CLANG_WARN_OBJC_ROOT_CLASS = YES_ERROR;
				CLANG_WARN_UNREACHABLE_CODE = YES;
				CLANG_WARN__DUPLICATE_METHOD_MATCH = YES;
				"CODE_SIGN_IDENTITY[sdk=iphoneos*]" = "iPhone Developer";
				COPY_PHASE_STRIP = NO;
				DEBUG_INFORMATION_FORMAT = dwarf;
				ENABLE_STRICT_OBJC_MSGSEND = YES;
				ENABLE_TESTABILITY = YES;
				GCC_C_LANGUAGE_STANDARD = gnu99;
				GCC_DYNAMIC_NO_PIC = NO;
				GCC_NO_COMMON_BLOCKS = YES;
				GCC_OPTIMIZATION_LEVEL = 0;
				GCC_PREPROCESSOR_DEFINITIONS = (
					"DEBUG=1",
					"$(inherited)",
				);
				GCC_WARN_64_TO_32_BIT_CONVERSION = YES;
				GCC_WARN_ABOUT_RETURN_TYPE = YES_ERROR;
				GCC_WARN_UNDECLARED_SELECTOR = YES;
				GCC_WARN_UNINITIALIZED_AUTOS = YES_AGGRESSIVE;
				GCC_WARN_UNUSED_FUNCTION = YES;
				GCC_WARN_UNUSED_VARIABLE = YES;
				IPHONEOS_DEPLOYMENT_TARGET = 9.2;
				MTL_ENABLE_DEBUG_INFO = YES;
				ONLY_ACTIVE_ARCH = YES;
				SDKROOT = iphoneos;
			};
			name = Debug;
		};
		470D61E51CA686D9002690C9 /* Release */ = {
			isa = XCBuildConfiguration;
			buildSettings = {
				ALWAYS_SEARCH_USER_PATHS = NO;
				CLANG_CXX_LANGUAGE_STANDARD = "gnu++0x";
				CLANG_CXX_LIBRARY = "libc++";
				CLANG_ENABLE_MODULES = YES;
				CLANG_ENABLE_OBJC_ARC = YES;
				CLANG_WARN_BOOL_CONVERSION = YES;
				CLANG_WARN_CONSTANT_CONVERSION = YES;
				CLANG_WARN_DIRECT_OBJC_ISA_USAGE = YES_ERROR;
				CLANG_WARN_EMPTY_BODY = YES;
				CLANG_WARN_ENUM_CONVERSION = YES;
				CLANG_WARN_INT_CONVERSION = YES;
				CLANG_WARN_OBJC_ROOT_CLASS = YES_ERROR;
				CLANG_WARN_UNREACHABLE_CODE = YES;
				CLANG_WARN__DUPLICATE_METHOD_MATCH = YES;
				"CODE_SIGN_IDENTITY[sdk=iphoneos*]" = "iPhone Developer";
				COPY_PHASE_STRIP = NO;
				DEBUG_INFORMATION_FORMAT = "dwarf-with-dsym";
				ENABLE_NS_ASSERTIONS = NO;
				ENABLE_STRICT_OBJC_MSGSEND = YES;
				GCC_C_LANGUAGE_STANDARD = gnu99;
				GCC_NO_COMMON_BLOCKS = YES;
				GCC_WARN_64_TO_32_BIT_CONVERSION = YES;
				GCC_WARN_ABOUT_RETURN_TYPE = YES_ERROR;
				GCC_WARN_UNDECLARED_SELECTOR = YES;
				GCC_WARN_UNINITIALIZED_AUTOS = YES_AGGRESSIVE;
				GCC_WARN_UNUSED_FUNCTION = YES;
				GCC_WARN_UNUSED_VARIABLE = YES;
				IPHONEOS_DEPLOYMENT_TARGET = 9.2;
				MTL_ENABLE_DEBUG_INFO = NO;
				SDKROOT = iphoneos;
				VALIDATE_PRODUCT = YES;
			};
			name = Release;
		};
		470D61E71CA686D9002690C9 /* Debug */ = {
			isa = XCBuildConfiguration;
			buildSettings = {
				ASSETCATALOG_COMPILER_APPICON_NAME = AppIcon;
				ENABLE_BITCODE = NO;
				FRAMEWORK_SEARCH_PATHS = (
					"$(inherited)",
					"$(PROJECT_DIR)/FBlogin",
				);
				INFOPLIST_FILE = FBlogin/Info.plist;
				IPHONEOS_DEPLOYMENT_TARGET = 9.3;
				LD_RUNPATH_SEARCH_PATHS = "$(inherited) @executable_path/Frameworks";
				PRODUCT_BUNDLE_IDENTIFIER = com.gdb.FBlogin;
				PRODUCT_NAME = "$(TARGET_NAME)";
			};
			name = Debug;
		};
		470D61E81CA686D9002690C9 /* Release */ = {
			isa = XCBuildConfiguration;
			buildSettings = {
				ASSETCATALOG_COMPILER_APPICON_NAME = AppIcon;
				ENABLE_BITCODE = NO;
				FRAMEWORK_SEARCH_PATHS = (
					"$(inherited)",
					"$(PROJECT_DIR)/FBlogin",
				);
				INFOPLIST_FILE = FBlogin/Info.plist;
				IPHONEOS_DEPLOYMENT_TARGET = 9.3;
				LD_RUNPATH_SEARCH_PATHS = "$(inherited) @executable_path/Frameworks";
				PRODUCT_BUNDLE_IDENTIFIER = com.gdb.FBlogin;
				PRODUCT_NAME = "$(TARGET_NAME)";
			};
			name = Release;
		};
		470D61EA1CA686D9002690C9 /* Debug */ = {
			isa = XCBuildConfiguration;
			buildSettings = {
				BUNDLE_LOADER = "$(TEST_HOST)";
				INFOPLIST_FILE = FBloginTests/Info.plist;
				LD_RUNPATH_SEARCH_PATHS = "$(inherited) @executable_path/Frameworks @loader_path/Frameworks";
				PRODUCT_BUNDLE_IDENTIFIER = com.gdb.FBloginTests;
				PRODUCT_NAME = "$(TARGET_NAME)";
				TEST_HOST = "$(BUILT_PRODUCTS_DIR)/FBlogin.app/FBlogin";
			};
			name = Debug;
		};
		470D61EB1CA686D9002690C9 /* Release */ = {
			isa = XCBuildConfiguration;
			buildSettings = {
				BUNDLE_LOADER = "$(TEST_HOST)";
				INFOPLIST_FILE = FBloginTests/Info.plist;
				LD_RUNPATH_SEARCH_PATHS = "$(inherited) @executable_path/Frameworks @loader_path/Frameworks";
				PRODUCT_BUNDLE_IDENTIFIER = com.gdb.FBloginTests;
				PRODUCT_NAME = "$(TARGET_NAME)";
				TEST_HOST = "$(BUILT_PRODUCTS_DIR)/FBlogin.app/FBlogin";
			};
			name = Release;
		};
		470D61ED1CA686D9002690C9 /* Debug */ = {
			isa = XCBuildConfiguration;
			buildSettings = {
				INFOPLIST_FILE = FBloginUITests/Info.plist;
				LD_RUNPATH_SEARCH_PATHS = "$(inherited) @executable_path/Frameworks @loader_path/Frameworks";
				PRODUCT_BUNDLE_IDENTIFIER = com.gdb.FBloginUITests;
				PRODUCT_NAME = "$(TARGET_NAME)";
				TEST_TARGET_NAME = FBlogin;
				USES_XCTRUNNER = YES;
			};
			name = Debug;
		};
		470D61EE1CA686D9002690C9 /* Release */ = {
			isa = XCBuildConfiguration;
			buildSettings = {
				INFOPLIST_FILE = FBloginUITests/Info.plist;
				LD_RUNPATH_SEARCH_PATHS = "$(inherited) @executable_path/Frameworks @loader_path/Frameworks";
				PRODUCT_BUNDLE_IDENTIFIER = com.gdb.FBloginUITests;
				PRODUCT_NAME = "$(TARGET_NAME)";
				TEST_TARGET_NAME = FBlogin;
				USES_XCTRUNNER = YES;
			};
			name = Release;
		};
/* End XCBuildConfiguration section */

/* Begin XCConfigurationList section */
		470D61B41CA686D9002690C9 /* Build configuration list for PBXProject "FBlogin" */ = {
			isa = XCConfigurationList;
			buildConfigurations = (
				470D61E41CA686D9002690C9 /* Debug */,
				470D61E51CA686D9002690C9 /* Release */,
			);
			defaultConfigurationIsVisible = 0;
			defaultConfigurationName = Release;
		};
		470D61E61CA686D9002690C9 /* Build configuration list for PBXNativeTarget "FBlogin" */ = {
			isa = XCConfigurationList;
			buildConfigurations = (
				470D61E71CA686D9002690C9 /* Debug */,
				470D61E81CA686D9002690C9 /* Release */,
			);
			defaultConfigurationIsVisible = 0;
			defaultConfigurationName = Release;
		};
		470D61E91CA686D9002690C9 /* Build configuration list for PBXNativeTarget "FBloginTests" */ = {
			isa = XCConfigurationList;
			buildConfigurations = (
				470D61EA1CA686D9002690C9 /* Debug */,
				470D61EB1CA686D9002690C9 /* Release */,
			);
			defaultConfigurationIsVisible = 0;
			defaultConfigurationName = Release;
		};
		470D61EC1CA686D9002690C9 /* Build configuration list for PBXNativeTarget "FBloginUITests" */ = {
			isa = XCConfigurationList;
			buildConfigurations = (
				470D61ED1CA686D9002690C9 /* Debug */,
				470D61EE1CA686D9002690C9 /* Release */,
			);
			defaultConfigurationIsVisible = 0;
			defaultConfigurationName = Release;
		};
/* End XCConfigurationList section */
	};
	rootObject = 470D61B11CA686D9002690C9 /* Project object */;
}
